{
  "version": 4,
  "terraform_version": "1.6.0",
  "serial": 42,
  "lineage": "a6987180-853e-08de-7955-2b2c8f725d7a",
  "outputs": {
    "external_ip_address_vm_2": {
      "value": "158.160.43.237",
      "type": "string"
    },
    "external_ip_address_vm_3": {
      "value": "158.160.118.208",
      "type": "string"
    },
    "internal_ip_address_vm_2": {
      "value": "192.168.10.13",
      "type": "string"
    },
    "internal_ip_address_vm_3": {
      "value": "192.168.10.18",
      "type": "string"
    },
    "my_balancer_ip_address": {
      "value": [
        {
          "external_address_spec": [
            {
              "address": "158.160.84.221",
              "ip_version": "ipv4"
            }
          ],
          "internal_address_spec": [],
          "name": "my-listener-1",
          "port": 80,
          "protocol": "tcp",
          "target_port": 80
        }
      ],
      "type": [
        "set",
        [
          "object",
          {
            "external_address_spec": [
              "set",
              [
                "object",
                {
                  "address": "string",
                  "ip_version": "string"
                }
              ]
            ],
            "internal_address_spec": [
              "set",
              [
                "object",
                {
                  "address": "string",
                  "ip_version": "string",
                  "subnet_id": "string"
                }
              ]
            ],
            "name": "string",
            "port": "number",
            "protocol": "string",
            "target_port": "number"
          }
        ]
      ]
    }
  },
  "resources": [
    {
      "mode": "data",
      "type": "yandex_compute_image",
      "name": "my-ubuntu-2004-1",
      "provider": "provider[\"registry.terraform.io/yandex-cloud/yandex\"]",
      "instances": [
        {
          "schema_version": 0,
          "attributes": {
            "created_at": "2023-10-09T10:53:53Z",
            "description": "ubuntu 20.04 lts",
            "family": "ubuntu-2004-lts",
            "folder_id": "standard-images",
            "id": "fd826honb8s0i1jtt6cg",
            "image_id": "fd826honb8s0i1jtt6cg",
            "labels": {},
            "min_disk_size": 5,
            "name": "ubuntu-20-04-lts-v20231009",
            "os_type": "linux",
            "pooled": true,
            "product_ids": [
              "f2em7kqmv1b3dtvtfb3p"
            ],
            "size": 4,
            "status": "ready"
          },
          "sensitive_attributes": []
        }
      ]
    },
    {
      "mode": "managed",
      "type": "yandex_compute_instance",
      "name": "my-vm-2",
      "provider": "provider[\"registry.terraform.io/yandex-cloud/yandex\"]",
      "instances": [
        {
          "schema_version": 1,
          "attributes": {
            "allow_recreate": null,
            "allow_stopping_for_update": null,
            "boot_disk": [
              {
                "auto_delete": true,
                "device_name": "fhmjagipu25shinofdas",
                "disk_id": "fhmjagipu25shinofdas",
                "initialize_params": [
                  {
                    "block_size": 4096,
                    "description": "",
                    "image_id": "fd826honb8s0i1jtt6cg",
                    "name": "",
                    "size": 5,
                    "snapshot_id": "",
                    "type": "network-hdd"
                  }
                ],
                "mode": "READ_WRITE"
              }
            ],
            "created_at": "2023-10-13T11:19:32Z",
            "description": "",
            "filesystem": [],
            "folder_id": "b1ggmr1lp659ricd5qqu",
            "fqdn": "fhmaa4b4pleh2hrh6be1.auto.internal",
            "gpu_cluster_id": "",
            "hostname": "",
            "id": "fhmaa4b4pleh2hrh6be1",
            "labels": null,
            "local_disk": [],
            "metadata": {
              "ssh-keys": "ubuntu:ssh-rsa AAAAB3NzaC1yc2EAAAADAQABAAABAQC4An9mWtL1HGdLiopGzO5it2jQE1EmzeAAypSWwMSiO3oZiD06uTyCQr9Q8zV+iR8yCkOxG0TENtQcQD8Vq0yV7WU48deuyx8FQCy6rf9omIgmAqNz/Eqxdxjjj3IqPkwjDZxe1JHQ43KVFhpeSL2Fl7AZ6YD3F8ts7d294xD4jvXTggOtSplI6X9sqI9AMvB7BDsYa4rRSiGdmmKC2THNck5rdEjepWvyD1d1HbQVQYfYDNt9/64+FhowQqibsoQB5VV/qi+TqHNYDDtu3aSWvXCZrXYqPyORDyCXXCNU5IgNPjifMCfZH2N4StlYJ7D3K1JyYxjsAqanrmoxrYu9 w11\n"
            },
            "metadata_options": [
              {
                "aws_v1_http_endpoint": 1,
                "aws_v1_http_token": 2,
                "gce_http_endpoint": 1,
                "gce_http_token": 1
              }
            ],
            "name": "test-vm-2",
            "network_acceleration_type": "standard",
            "network_interface": [
              {
                "dns_record": [],
                "index": 0,
                "ip_address": "192.168.10.13",
                "ipv4": true,
                "ipv6": false,
                "ipv6_address": "",
                "ipv6_dns_record": [],
                "mac_address": "d0:0d:a5:11:64:cd",
                "nat": true,
                "nat_dns_record": [],
                "nat_ip_address": "158.160.43.237",
                "nat_ip_version": "IPV4",
                "security_group_ids": [],
                "subnet_id": "e9bc36le7ga07sdu8k7b"
              }
            ],
            "placement_policy": [
              {
                "host_affinity_rules": [],
                "placement_group_id": ""
              }
            ],
            "platform_id": "standard-v1",
            "resources": [
              {
                "core_fraction": 100,
                "cores": 2,
                "gpus": 0,
                "memory": 2
              }
            ],
            "scheduling_policy": [
              {
                "preemptible": false
              }
            ],
            "secondary_disk": [],
            "service_account_id": "",
            "status": "running",
            "timeouts": null,
            "zone": "ru-central1-a"
          },
          "sensitive_attributes": [],
          "private": "eyJlMmJmYjczMC1lY2FhLTExZTYtOGY4OC0zNDM2M2JjN2M0YzAiOnsiY3JlYXRlIjozMDAwMDAwMDAwMDAsImRlbGV0ZSI6MzAwMDAwMDAwMDAwLCJ1cGRhdGUiOjMwMDAwMDAwMDAwMH0sInNjaGVtYV92ZXJzaW9uIjoiMSJ9",
          "dependencies": [
            "data.yandex_compute_image.my-ubuntu-2004-1",
            "yandex_vpc_network.default",
            "yandex_vpc_subnet.my-sn-1"
          ]
        }
      ]
    },
    {
      "mode": "managed",
      "type": "yandex_compute_instance",
      "name": "my-vm-3",
      "provider": "provider[\"registry.terraform.io/yandex-cloud/yandex\"]",
      "instances": [
        {
          "schema_version": 1,
          "attributes": {
            "allow_recreate": null,
            "allow_stopping_for_update": null,
            "boot_disk": [
              {
                "auto_delete": true,
                "device_name": "fhmu14lh9uee6fb712j4",
                "disk_id": "fhmu14lh9uee6fb712j4",
                "initialize_params": [
                  {
                    "block_size": 4096,
                    "description": "",
                    "image_id": "fd826honb8s0i1jtt6cg",
                    "name": "",
                    "size": 5,
                    "snapshot_id": "",
                    "type": "network-hdd"
                  }
                ],
                "mode": "READ_WRITE"
              }
            ],
            "created_at": "2023-10-13T11:19:24Z",
            "description": "",
            "filesystem": [],
            "folder_id": "b1ggmr1lp659ricd5qqu",
            "fqdn": "fhmen9v6t8irpsp1t4ok.auto.internal",
            "gpu_cluster_id": "",
            "hostname": "",
            "id": "fhmen9v6t8irpsp1t4ok",
            "labels": null,
            "local_disk": [],
            "metadata": {
              "ssh-keys": "ubuntu:ssh-rsa AAAAB3NzaC1yc2EAAAADAQABAAABAQC4An9mWtL1HGdLiopGzO5it2jQE1EmzeAAypSWwMSiO3oZiD06uTyCQr9Q8zV+iR8yCkOxG0TENtQcQD8Vq0yV7WU48deuyx8FQCy6rf9omIgmAqNz/Eqxdxjjj3IqPkwjDZxe1JHQ43KVFhpeSL2Fl7AZ6YD3F8ts7d294xD4jvXTggOtSplI6X9sqI9AMvB7BDsYa4rRSiGdmmKC2THNck5rdEjepWvyD1d1HbQVQYfYDNt9/64+FhowQqibsoQB5VV/qi+TqHNYDDtu3aSWvXCZrXYqPyORDyCXXCNU5IgNPjifMCfZH2N4StlYJ7D3K1JyYxjsAqanrmoxrYu9 w11\n"
            },
            "metadata_options": [
              {
                "aws_v1_http_endpoint": 1,
                "aws_v1_http_token": 2,
                "gce_http_endpoint": 1,
                "gce_http_token": 1
              }
            ],
            "name": "test-vm-3",
            "network_acceleration_type": "standard",
            "network_interface": [
              {
                "dns_record": [],
                "index": 0,
                "ip_address": "192.168.10.18",
                "ipv4": true,
                "ipv6": false,
                "ipv6_address": "",
                "ipv6_dns_record": [],
                "mac_address": "d0:0d:eb:a7:e6:ea",
                "nat": true,
                "nat_dns_record": [],
                "nat_ip_address": "158.160.118.208",
                "nat_ip_version": "IPV4",
                "security_group_ids": [],
                "subnet_id": "e9bc36le7ga07sdu8k7b"
              }
            ],
            "placement_policy": [
              {
                "host_affinity_rules": [],
                "placement_group_id": ""
              }
            ],
            "platform_id": "standard-v1",
            "resources": [
              {
                "core_fraction": 100,
                "cores": 2,
                "gpus": 0,
                "memory": 2
              }
            ],
            "scheduling_policy": [
              {
                "preemptible": false
              }
            ],
            "secondary_disk": [],
            "service_account_id": "",
            "status": "running",
            "timeouts": null,
            "zone": "ru-central1-a"
          },
          "sensitive_attributes": [],
          "private": "eyJlMmJmYjczMC1lY2FhLTExZTYtOGY4OC0zNDM2M2JjN2M0YzAiOnsiY3JlYXRlIjozMDAwMDAwMDAwMDAsImRlbGV0ZSI6MzAwMDAwMDAwMDAwLCJ1cGRhdGUiOjMwMDAwMDAwMDAwMH0sInNjaGVtYV92ZXJzaW9uIjoiMSJ9",
          "dependencies": [
            "data.yandex_compute_image.my-ubuntu-2004-1",
            "yandex_vpc_network.default",
            "yandex_vpc_subnet.my-sn-1"
          ]
        }
      ]
    },
    {
      "mode": "managed",
      "type": "yandex_lb_network_load_balancer",
      "name": "my-nw-lb-1",
      "provider": "provider[\"registry.terraform.io/yandex-cloud/yandex\"]",
      "instances": [
        {
          "schema_version": 0,
          "attributes": {
            "attached_target_group": [
              {
                "healthcheck": [
                  {
                    "healthy_threshold": 2,
                    "http_options": [
                      {
                        "path": "",
                        "port": 80
                      }
                    ],
                    "interval": 2,
                    "name": "http",
                    "tcp_options": [],
                    "timeout": 1,
                    "unhealthy_threshold": 2
                  }
                ],
                "target_group_id": "enpdm02f8ksmkh8u57rc"
              }
            ],
            "created_at": "2023-10-13T11:20:26Z",
            "deletion_protection": false,
            "description": "",
            "folder_id": "b1ggmr1lp659ricd5qqu",
            "id": "enphmcvj5jecamrv9bfo",
            "labels": null,
            "listener": [
              {
                "external_address_spec": [
                  {
                    "address": "158.160.84.221",
                    "ip_version": "ipv4"
                  }
                ],
                "internal_address_spec": [],
                "name": "my-listener-1",
                "port": 80,
                "protocol": "tcp",
                "target_port": 80
              }
            ],
            "name": "my-network-load-balancer-1",
            "region_id": "ru-central1",
            "timeouts": null,
            "type": "external"
          },
          "sensitive_attributes": [],
          "private": "eyJlMmJmYjczMC1lY2FhLTExZTYtOGY4OC0zNDM2M2JjN2M0YzAiOnsiY3JlYXRlIjozMDAwMDAwMDAwMDAsImRlbGV0ZSI6MzAwMDAwMDAwMDAwLCJ1cGRhdGUiOjMwMDAwMDAwMDAwMH19",
          "dependencies": [
            "data.yandex_compute_image.my-ubuntu-2004-1",
            "yandex_compute_instance.my-vm-2",
            "yandex_compute_instance.my-vm-3",
            "yandex_lb_target_group.my-lb-tg-1",
            "yandex_vpc_network.default",
            "yandex_vpc_subnet.my-sn-1"
          ]
        }
      ]
    },
    {
      "mode": "managed",
      "type": "yandex_lb_target_group",
      "name": "my-lb-tg-1",
      "provider": "provider[\"registry.terraform.io/yandex-cloud/yandex\"]",
      "instances": [
        {
          "schema_version": 0,
          "attributes": {
            "created_at": "2023-10-13T11:20:25Z",
            "description": "",
            "folder_id": "b1ggmr1lp659ricd5qqu",
            "id": "enpdm02f8ksmkh8u57rc",
            "labels": null,
            "name": "my-target-group-1",
            "region_id": "ru-central1",
            "target": [
              {
                "address": "192.168.10.13",
                "subnet_id": "e9bc36le7ga07sdu8k7b"
              },
              {
                "address": "192.168.10.18",
                "subnet_id": "e9bc36le7ga07sdu8k7b"
              }
            ],
            "timeouts": null
          },
          "sensitive_attributes": [],
          "private": "eyJlMmJmYjczMC1lY2FhLTExZTYtOGY4OC0zNDM2M2JjN2M0YzAiOnsiY3JlYXRlIjozMDAwMDAwMDAwMDAsImRlbGV0ZSI6MzAwMDAwMDAwMDAwLCJ1cGRhdGUiOjMwMDAwMDAwMDAwMH19",
          "dependencies": [
            "data.yandex_compute_image.my-ubuntu-2004-1",
            "yandex_compute_instance.my-vm-2",
            "yandex_compute_instance.my-vm-3",
            "yandex_vpc_network.default",
            "yandex_vpc_subnet.my-sn-1"
          ]
        }
      ]
    },
    {
      "mode": "managed",
      "type": "yandex_vpc_network",
      "name": "default",
      "provider": "provider[\"registry.terraform.io/yandex-cloud/yandex\"]",
      "instances": [
        {
          "schema_version": 0,
          "attributes": {
            "created_at": "2023-10-13T11:11:55Z",
            "default_security_group_id": "enpj727r0mt2n74q80il",
            "description": "",
            "folder_id": "b1ggmr1lp659ricd5qqu",
            "id": "enpg509nj1hpi307972k",
            "labels": {},
            "name": "my-nw-2",
            "subnet_ids": [
              "e9bc36le7ga07sdu8k7b"
            ],
            "timeouts": null
          },
          "sensitive_attributes": [],
          "private": "eyJlMmJmYjczMC1lY2FhLTExZTYtOGY4OC0zNDM2M2JjN2M0YzAiOnsiY3JlYXRlIjo2MDAwMDAwMDAwMCwiZGVsZXRlIjo2MDAwMDAwMDAwMCwidXBkYXRlIjo2MDAwMDAwMDAwMH19"
        }
      ]
    },
    {
      "mode": "managed",
      "type": "yandex_vpc_subnet",
      "name": "my-sn-1",
      "provider": "provider[\"registry.terraform.io/yandex-cloud/yandex\"]",
      "instances": [
        {
          "schema_version": 0,
          "attributes": {
            "created_at": "2023-10-13T11:11:57Z",
            "description": "",
            "dhcp_options": [],
            "folder_id": "b1ggmr1lp659ricd5qqu",
            "id": "e9bc36le7ga07sdu8k7b",
            "labels": {},
            "name": "",
            "network_id": "enpg509nj1hpi307972k",
            "route_table_id": "",
            "timeouts": null,
            "v4_cidr_blocks": [
              "192.168.10.0/24"
            ],
            "v6_cidr_blocks": [],
            "zone": "ru-central1-a"
          },
          "sensitive_attributes": [],
          "private": "eyJlMmJmYjczMC1lY2FhLTExZTYtOGY4OC0zNDM2M2JjN2M0YzAiOnsiY3JlYXRlIjoxODAwMDAwMDAwMDAsImRlbGV0ZSI6MTgwMDAwMDAwMDAwLCJ1cGRhdGUiOjE4MDAwMDAwMDAwMH19",
          "dependencies": [
            "yandex_vpc_network.default"
          ]
        }
      ]
    }
  ],
  "check_results": null
}
