{
  "version": 4,
  "terraform_version": "1.6.0",
  "serial": 13,
  "lineage": "064e83c9-21a9-4dd9-5b04-660fd02c77c9",
  "outputs": {
    "external_ip_address_vm_1": {
      "value": "158.160.112.170",
      "type": "string"
    },
    "internal_ip_address_vm_1": {
      "value": "192.168.10.26",
      "type": "string"
    }
  },
  "resources": [
    {
      "mode": "data",
      "type": "yandex_compute_image",
      "name": "my-ubuntu-2004-1",
      "provider": "provider[\"registry.terraform.io/yandex-cloud/yandex\"]",
      "instances": [
        {
          "schema_version": 0,
          "attributes": {
            "created_at": "2023-10-09T10:53:53Z",
            "description": "ubuntu 20.04 lts",
            "family": "ubuntu-2004-lts",
            "folder_id": "standard-images",
            "id": "fd826honb8s0i1jtt6cg",
            "image_id": "fd826honb8s0i1jtt6cg",
            "labels": {},
            "min_disk_size": 5,
            "name": "ubuntu-20-04-lts-v20231009",
            "os_type": "linux",
            "pooled": true,
            "product_ids": [
              "f2em7kqmv1b3dtvtfb3p"
            ],
            "size": 4,
            "status": "ready"
          },
          "sensitive_attributes": []
        }
      ]
    },
    {
      "mode": "managed",
      "type": "yandex_compute_instance",
      "name": "my-vm-1",
      "provider": "provider[\"registry.terraform.io/yandex-cloud/yandex\"]",
      "instances": [
        {
          "schema_version": 1,
          "attributes": {
            "allow_recreate": null,
            "allow_stopping_for_update": null,
            "boot_disk": [
              {
                "auto_delete": true,
                "device_name": "fhm0uia7dundajqurlba",
                "disk_id": "fhm0uia7dundajqurlba",
                "initialize_params": [
                  {
                    "block_size": 4096,
                    "description": "",
                    "image_id": "fd826honb8s0i1jtt6cg",
                    "name": "",
                    "size": 5,
                    "snapshot_id": "",
                    "type": "network-hdd"
                  }
                ],
                "mode": "READ_WRITE"
              }
            ],
            "created_at": "2023-10-13T08:01:27Z",
            "description": "",
            "filesystem": [],
            "folder_id": "b1ggmr1lp659ricd5qqu",
            "fqdn": "fhmftccg37b33pf1vou3.auto.internal",
            "gpu_cluster_id": "",
            "hostname": "",
            "id": "fhmftccg37b33pf1vou3",
            "labels": null,
            "local_disk": [],
            "metadata": {
              "ssh-keys": "ubuntu:ssh-rsa AAAAB3NzaC1yc2EAAAADAQABAAABAQC4An9mWtL1HGdLiopGzO5it2jQE1EmzeAAypSWwMSiO3oZiD06uTyCQr9Q8zV+iR8yCkOxG0TENtQcQD8Vq0yV7WU48deuyx8FQCy6rf9omIgmAqNz/Eqxdxjjj3IqPkwjDZxe1JHQ43KVFhpeSL2Fl7AZ6YD3F8ts7d294xD4jvXTggOtSplI6X9sqI9AMvB7BDsYa4rRSiGdmmKC2THNck5rdEjepWvyD1d1HbQVQYfYDNt9/64+FhowQqibsoQB5VV/qi+TqHNYDDtu3aSWvXCZrXYqPyORDyCXXCNU5IgNPjifMCfZH2N4StlYJ7D3K1JyYxjsAqanrmoxrYu9 w11\n"
            },
            "metadata_options": [
              {
                "aws_v1_http_endpoint": 1,
                "aws_v1_http_token": 2,
                "gce_http_endpoint": 1,
                "gce_http_token": 1
              }
            ],
            "name": "test-vm-1",
            "network_acceleration_type": "standard",
            "network_interface": [
              {
                "dns_record": [],
                "index": 0,
                "ip_address": "192.168.10.26",
                "ipv4": true,
                "ipv6": false,
                "ipv6_address": "",
                "ipv6_dns_record": [],
                "mac_address": "d0:0d:fe:b1:90:19",
                "nat": true,
                "nat_dns_record": [],
                "nat_ip_address": "158.160.112.170",
                "nat_ip_version": "IPV4",
                "security_group_ids": [],
                "subnet_id": "e9bmi6dnn1iqvoo2odpu"
              }
            ],
            "placement_policy": [
              {
                "host_affinity_rules": [],
                "placement_group_id": ""
              }
            ],
            "platform_id": "standard-v1",
            "resources": [
              {
                "core_fraction": 100,
                "cores": 2,
                "gpus": 0,
                "memory": 2
              }
            ],
            "scheduling_policy": [
              {
                "preemptible": false
              }
            ],
            "secondary_disk": [],
            "service_account_id": "",
            "status": "running",
            "timeouts": null,
            "zone": "ru-central1-a"
          },
          "sensitive_attributes": [],
          "private": "eyJlMmJmYjczMC1lY2FhLTExZTYtOGY4OC0zNDM2M2JjN2M0YzAiOnsiY3JlYXRlIjozMDAwMDAwMDAwMDAsImRlbGV0ZSI6MzAwMDAwMDAwMDAwLCJ1cGRhdGUiOjMwMDAwMDAwMDAwMH0sInNjaGVtYV92ZXJzaW9uIjoiMSJ9",
          "dependencies": [
            "data.yandex_compute_image.my-ubuntu-2004-1",
            "yandex_vpc_network.my-nw-1",
            "yandex_vpc_subnet.my-sn-1"
          ]
        }
      ]
    },
    {
      "mode": "managed",
      "type": "yandex_vpc_network",
      "name": "my-nw-1",
      "provider": "provider[\"registry.terraform.io/yandex-cloud/yandex\"]",
      "instances": [
        {
          "schema_version": 0,
          "attributes": {
            "created_at": "2023-10-13T08:01:21Z",
            "default_security_group_id": "enppr47flf6qiftt1fnb",
            "description": "",
            "folder_id": "b1ggmr1lp659ricd5qqu",
            "id": "enp0ofivhnn3sgd0ldkb",
            "labels": {},
            "name": "my-nw-1",
            "subnet_ids": [],
            "timeouts": null
          },
          "sensitive_attributes": [],
          "private": "eyJlMmJmYjczMC1lY2FhLTExZTYtOGY4OC0zNDM2M2JjN2M0YzAiOnsiY3JlYXRlIjo2MDAwMDAwMDAwMCwiZGVsZXRlIjo2MDAwMDAwMDAwMCwidXBkYXRlIjo2MDAwMDAwMDAwMH19"
        }
      ]
    },
    {
      "mode": "managed",
      "type": "yandex_vpc_subnet",
      "name": "my-sn-1",
      "provider": "provider[\"registry.terraform.io/yandex-cloud/yandex\"]",
      "instances": [
        {
          "schema_version": 0,
          "attributes": {
            "created_at": "2023-10-13T08:01:25Z",
            "description": "",
            "dhcp_options": [],
            "folder_id": "b1ggmr1lp659ricd5qqu",
            "id": "e9bmi6dnn1iqvoo2odpu",
            "labels": {},
            "name": "",
            "network_id": "enp0ofivhnn3sgd0ldkb",
            "route_table_id": "",
            "timeouts": null,
            "v4_cidr_blocks": [
              "192.168.10.0/24"
            ],
            "v6_cidr_blocks": [],
            "zone": "ru-central1-a"
          },
          "sensitive_attributes": [],
          "private": "eyJlMmJmYjczMC1lY2FhLTExZTYtOGY4OC0zNDM2M2JjN2M0YzAiOnsiY3JlYXRlIjoxODAwMDAwMDAwMDAsImRlbGV0ZSI6MTgwMDAwMDAwMDAwLCJ1cGRhdGUiOjE4MDAwMDAwMDAwMH19",
          "dependencies": [
            "yandex_vpc_network.my-nw-1"
          ]
        }
      ]
    }
  ],
  "check_results": null
}
